{
    "name": "node-red-project",
    "version": "0.0.1",
    "lockfileVersion": 2,
    "requires": true,
    "packages": {
        "": {
            "name": "node-red-project",
            "version": "0.0.1",
            "dependencies": {
                "node-red-contrib-aws-stream-manager": "github:massi-ang/node-red-contrib-aws-stream-manager#07ceca2"
            }
        },
        "node_modules/aws-greengrass-core-sdk": {
            "version": "1.7.0",
            "resolved": "https://registry.npmjs.org/aws-greengrass-core-sdk/-/aws-greengrass-core-sdk-1.7.0.tgz",
            "integrity": "sha512-QBAuZ4CLEIz7VFAiLvVAmtGF6plxAYdyLzB8Ppq5wwA9rNFTz9KEsM//qz85uTHGwjD1LRN4UF092O/yMo8CSQ==",
            "dependencies": {
                "cbor": "5.0.1"
            }
        },
        "node_modules/aws-greengrass-core-sdk/node_modules/cbor": {
            "version": "5.0.1",
            "resolved": "https://registry.npmjs.org/cbor/-/cbor-5.0.1.tgz",
            "integrity": "sha512-l4ghwqioCyuAaD3LvY4ONwv8NMuERz62xjbMHGdWBqERJPygVmoFER1b4+VS6iW0rXwoVGuKZPPPTofwWOg3YQ==",
            "dependencies": {
                "bignumber.js": "^9.0.0",
                "nofilter": "^1.0.3"
            },
            "engines": {
                "node": ">=6.0.0"
            }
        },
        "node_modules/bignumber.js": {
            "version": "9.0.1",
            "resolved": "https://registry.npmjs.org/bignumber.js/-/bignumber.js-9.0.1.tgz",
            "integrity": "sha512-IdZR9mh6ahOBv/hYGiXyVuyCetmGJhtYkqLBpTStdhEGjegpPlUawydyaF3pbIOFynJTpllEs+NP+CS9jKFLjA==",
            "engines": {
                "node": "*"
            }
        },
        "node_modules/cbor": {
            "version": "5.2.0",
            "resolved": "https://registry.npmjs.org/cbor/-/cbor-5.2.0.tgz",
            "integrity": "sha512-5IMhi9e1QU76ppa5/ajP1BmMWZ2FHkhAhjeVKQ/EFCgYSEaeVaoGtL7cxJskf9oCCk+XjzaIdc3IuU/dbA/o2A==",
            "dependencies": {
                "bignumber.js": "^9.0.1",
                "nofilter": "^1.0.4"
            },
            "engines": {
                "node": ">=6.0.0"
            }
        },
        "node_modules/node-red-contrib-aws-stream-manager": {
            "version": "1.0.0",
            "resolved": "git+ssh://git@github.com/massi-ang/node-red-contrib-aws-stream-manager.git#07ceca2af2e9dbac89148261ae17aad56adb2f75",
            "license": "Apache-2.0",
            "dependencies": {
                "aws-greengrass-core-sdk": "^1.7.0",
                "cbor": "^5.2.0"
            }
        },
        "node_modules/nofilter": {
            "version": "1.0.4",
            "resolved": "https://registry.npmjs.org/nofilter/-/nofilter-1.0.4.tgz",
            "integrity": "sha512-N8lidFp+fCz+TD51+haYdbDGrcBWwuHX40F5+z0qkUjMJ5Tp+rdSuAkMJ9N9eoolDlEVTf6u5icM+cNKkKW2mA==",
            "engines": {
                "node": ">=8"
            }
        }
    },
    "dependencies": {
        "aws-greengrass-core-sdk": {
            "version": "1.7.0",
            "resolved": "https://registry.npmjs.org/aws-greengrass-core-sdk/-/aws-greengrass-core-sdk-1.7.0.tgz",
            "integrity": "sha512-QBAuZ4CLEIz7VFAiLvVAmtGF6plxAYdyLzB8Ppq5wwA9rNFTz9KEsM//qz85uTHGwjD1LRN4UF092O/yMo8CSQ==",
            "requires": {
                "cbor": "5.0.1"
            },
            "dependencies": {
                "cbor": {
                    "version": "5.0.1",
                    "resolved": "https://registry.npmjs.org/cbor/-/cbor-5.0.1.tgz",
                    "integrity": "sha512-l4ghwqioCyuAaD3LvY4ONwv8NMuERz62xjbMHGdWBqERJPygVmoFER1b4+VS6iW0rXwoVGuKZPPPTofwWOg3YQ==",
                    "requires": {
                        "bignumber.js": "^9.0.0",
                        "nofilter": "^1.0.3"
                    }
                }
            }
        },
        "bignumber.js": {
            "version": "9.0.1",
            "resolved": "https://registry.npmjs.org/bignumber.js/-/bignumber.js-9.0.1.tgz",
            "integrity": "sha512-IdZR9mh6ahOBv/hYGiXyVuyCetmGJhtYkqLBpTStdhEGjegpPlUawydyaF3pbIOFynJTpllEs+NP+CS9jKFLjA=="
        },
        "cbor": {
            "version": "5.2.0",
            "resolved": "https://registry.npmjs.org/cbor/-/cbor-5.2.0.tgz",
            "integrity": "sha512-5IMhi9e1QU76ppa5/ajP1BmMWZ2FHkhAhjeVKQ/EFCgYSEaeVaoGtL7cxJskf9oCCk+XjzaIdc3IuU/dbA/o2A==",
            "requires": {
                "bignumber.js": "^9.0.1",
                "nofilter": "^1.0.4"
            }
        },
        "node-red-contrib-aws-stream-manager": {
            "version": "git+ssh://git@github.com/massi-ang/node-red-contrib-aws-stream-manager.git#07ceca2af2e9dbac89148261ae17aad56adb2f75",
            "from": "node-red-contrib-aws-stream-manager@https://github.com/massi-ang/node-red-contrib-aws-stream-manager#07ceca2",
            "requires": {
                "aws-greengrass-core-sdk": "^1.7.0",
                "cbor": "^5.2.0"
            }
        },
        "nofilter": {
            "version": "1.0.4",
            "resolved": "https://registry.npmjs.org/nofilter/-/nofilter-1.0.4.tgz",
            "integrity": "sha512-N8lidFp+fCz+TD51+haYdbDGrcBWwuHX40F5+z0qkUjMJ5Tp+rdSuAkMJ9N9eoolDlEVTf6u5icM+cNKkKW2mA=="
        }
    }
}
